
Microsoft Visual Studio Solution File, Format Version 12.00
# Visual Studio Version 16
VisualStudioVersion = 16.0.31402.337
MinimumVisualStudioVersion = 10.0.40219.1
Project("{FAE04EC0-301F-11D3-BF4B-00C04F79EFBC}") = "ECommerce", "ECommerce\ECommerce.csproj", "{19B80903-0B1A-4837-A878-94219076115A}"
EndProject
Global
	GlobalSection(SolutionConfigurationPlatforms) = preSolution
		Debug|Any CPU = Debug|Any CPU
		Release|Any CPU = Release|Any CPU
	EndGlobalSection
	GlobalSection(ProjectConfigurationPlatforms) = postSolution
		{19B80903-0B1A-4837-A878-94219076115A}.Debug|Any CPU.ActiveCfg = Debug|Any CPU
		{19B80903-0B1A-4837-A878-94219076115A}.Debug|Any CPU.Build.0 = Debug|Any CPU
		{19B80903-0B1A-4837-A878-94219076115A}.Release|Any CPU.ActiveCfg = Release|Any CPU
		{19B80903-0B1A-4837-A878-94219076115A}.Release|Any CPU.Build.0 = Release|Any CPU
	EndGlobalSection
	GlobalSection(SolutionProperties) = preSolution
		HideSolutionNode = FALSE
	EndGlobalSection
	GlobalSection(ExtensibilityGlobals) = postSolution
		SolutionGuid = {64DA0146-CE16-4E9E-B260-7B2ACDC420CB}
	EndGlobalSection
EndGlobal
